
Microsoft Visual Studio Solution File, Format Version 12.00
# Visual Studio Version 17
VisualStudioVersion = 17.11.35312.102
MinimumVisualStudioVersion = 10.0.40219.1
Project("{9A19103F-16F7-4668-BE54-9A1E7A4F7556}") = "SinistroOdontoApp", "SinistroOdontoApp\SinistroOdontoApp.csproj", "{C66D8D88-30E4-424D-9768-A82DF96C7674}"
EndProject
Global
	GlobalSection(SolutionConfigurationPlatforms) = preSolution
		Debug|Any CPU = Debug|Any CPU
		Release|Any CPU = Release|Any CPU
	EndGlobalSection
	GlobalSection(ProjectConfigurationPlatforms) = postSolution
		{C66D8D88-30E4-424D-9768-A82DF96C7674}.Debug|Any CPU.ActiveCfg = Debug|Any CPU
		{C66D8D88-30E4-424D-9768-A82DF96C7674}.Debug|Any CPU.Build.0 = Debug|Any CPU
		{C66D8D88-30E4-424D-9768-A82DF96C7674}.Release|Any CPU.ActiveCfg = Release|Any CPU
		{C66D8D88-30E4-424D-9768-A82DF96C7674}.Release|Any CPU.Build.0 = Release|Any CPU
	EndGlobalSection
	GlobalSection(SolutionProperties) = preSolution
		HideSolutionNode = FALSE
	EndGlobalSection
	GlobalSection(ExtensibilityGlobals) = postSolution
		SolutionGuid = {78EA9E2C-3868-4187-9B00-8626C7924201}
	EndGlobalSection
EndGlobal
